
Microsoft Visual Studio Solution File, Format Version 12.00
# Visual Studio Version 17
VisualStudioVersion = 17.11.35431.28
MinimumVisualStudioVersion = 10.0.40219.1
Project("{9A19103F-16F7-4668-BE54-9A1E7A4F7556}") = "API Example", "API Example\API Example.csproj", "{F907862C-E6C4-4BEB-81EC-3D69EEDF8323}"
EndProject
Project("{9A19103F-16F7-4668-BE54-9A1E7A4F7556}") = "UI Example with Area RazorPages", "UI Example with Area RazorPages\UI Example with Area RazorPages.csproj", "{AAC1F26F-3014-4EDF-BD97-57530EE906A8}"
EndProject
Project("{FAE04EC0-301F-11D3-BF4B-00C04F79EFBC}") = "UI Example with Controllers", "UI Example with Controllers\UI Example with Controllers.csproj", "{F73CA9B3-7712-49CC-9980-EEA247C52F96}"
EndProject
Global
	GlobalSection(SolutionConfigurationPlatforms) = preSolution
		Debug|Any CPU = Debug|Any CPU
		Release|Any CPU = Release|Any CPU
	EndGlobalSection
	GlobalSection(ProjectConfigurationPlatforms) = postSolution
		{F907862C-E6C4-4BEB-81EC-3D69EEDF8323}.Debug|Any CPU.ActiveCfg = Debug|Any CPU
		{F907862C-E6C4-4BEB-81EC-3D69EEDF8323}.Debug|Any CPU.Build.0 = Debug|Any CPU
		{F907862C-E6C4-4BEB-81EC-3D69EEDF8323}.Release|Any CPU.ActiveCfg = Release|Any CPU
		{F907862C-E6C4-4BEB-81EC-3D69EEDF8323}.Release|Any CPU.Build.0 = Release|Any CPU
		{AAC1F26F-3014-4EDF-BD97-57530EE906A8}.Debug|Any CPU.ActiveCfg = Debug|Any CPU
		{AAC1F26F-3014-4EDF-BD97-57530EE906A8}.Debug|Any CPU.Build.0 = Debug|Any CPU
		{AAC1F26F-3014-4EDF-BD97-57530EE906A8}.Release|Any CPU.ActiveCfg = Release|Any CPU
		{AAC1F26F-3014-4EDF-BD97-57530EE906A8}.Release|Any CPU.Build.0 = Release|Any CPU
		{F73CA9B3-7712-49CC-9980-EEA247C52F96}.Debug|Any CPU.ActiveCfg = Debug|Any CPU
		{F73CA9B3-7712-49CC-9980-EEA247C52F96}.Debug|Any CPU.Build.0 = Debug|Any CPU
		{F73CA9B3-7712-49CC-9980-EEA247C52F96}.Release|Any CPU.ActiveCfg = Release|Any CPU
		{F73CA9B3-7712-49CC-9980-EEA247C52F96}.Release|Any CPU.Build.0 = Release|Any CPU
	EndGlobalSection
	GlobalSection(SolutionProperties) = preSolution
		HideSolutionNode = FALSE
	EndGlobalSection
	GlobalSection(ExtensibilityGlobals) = postSolution
		SolutionGuid = {9F389FB3-109A-4AFA-A164-F8793B806E05}
	EndGlobalSection
EndGlobal
